{
  "name": "nativescript-https",
  "version": "1.0.5",
  "lockfileVersion": 1,
  "requires": true,
  "dependencies": {
    "css-unit-converter": {
      "version": "1.1.1",
      "resolved": "https://registry.npmjs.org/css-unit-converter/-/css-unit-converter-1.1.1.tgz",
      "integrity": "sha1-2bkoGtz9jO2TW9urqDeGiX9k6ZY=",
      "dev": true
    },
    "postcss-value-parser": {
      "version": "3.3.1",
      "resolved": "https://registry.npmjs.org/postcss-value-parser/-/postcss-value-parser-3.3.1.tgz",
      "integrity": "sha512-pISE66AbVkp4fDQ7VHBwRNXzAAKJjw4Vw7nWI/+Q3vuly7SNfgYXvm6i5IgFylHGK5sP/xHAbB7N49OS4gWNyQ==",
      "dev": true
    },
    "reduce-css-calc": {
      "version": "2.1.6",
      "resolved": "https://registry.npmjs.org/reduce-css-calc/-/reduce-css-calc-2.1.6.tgz",
      "integrity": "sha512-+l5/qlQmdsbM9h6JerJ/y5vR5Ci0k93aszLNpCmbadC3nBcbRGmIBm0s9Nj59i22LvCjTGftWzdQRwdknayxhw==",
      "dev": true,
      "requires": {
        "css-unit-converter": "^1.1.1",
        "postcss-value-parser": "^3.3.0"
      }
    },
    "tns-core-modules": {
      "version": "6.1.1",
      "resolved": "https://registry.npmjs.org/tns-core-modules/-/tns-core-modules-6.1.1.tgz",
      "integrity": "sha512-KyOdpjPMup5klkt+Qj+Y4lGfnZRkJTbOi1BxCH19kL0QdzjvcCWowDWfVpH5Pna4i1rgxJreOov5NhumaCWkMw==",
      "dev": true,
      "requires": {
        "reduce-css-calc": "^2.1.6",
        "tns-core-modules-widgets": "6.1.0",
        "tslib": "1.10.0"
      }
    },
    "tns-core-modules-widgets": {
      "version": "6.1.0",
      "resolved": "https://registry.npmjs.org/tns-core-modules-widgets/-/tns-core-modules-widgets-6.1.0.tgz",
      "integrity": "sha512-h/xBTVsGgr5Qhni3EM1D87MmCikPARarxaOGLibxRHaNzNqpJeuy7kTZP/tI/u2DAJJcNwXSjCm1p5spzrhF2w==",
      "dev": true
    },
    "tns-platform-declarations": {
      "version": "6.1.1",
      "resolved": "https://registry.npmjs.org/tns-platform-declarations/-/tns-platform-declarations-6.1.1.tgz",
      "integrity": "sha512-c3kA9t2oj0DJss+DGANmdWdOpXkdXI/flA213g+LCZ2LeWeR4S7PQ/s9lgq9kLxTtgLsUOuL0HJK1zweTWD7AA==",
      "dev": true
    },
    "tslib": {
      "version": "1.10.0",
      "resolved": "https://registry.npmjs.org/tslib/-/tslib-1.10.0.tgz",
      "integrity": "sha512-qOebF53frne81cf0S9B41ByenJ3/IuH8yJKngAX35CmiZySA0khhkovshKK+jGCaMnVomla7gVlIcc3EvKPbTQ==",
      "dev": true
    },
    "typescript": {
      "version": "3.6.3",
      "resolved": "https://registry.npmjs.org/typescript/-/typescript-3.6.3.tgz",
      "integrity": "sha512-N7bceJL1CtRQ2RiG0AQME13ksR7DiuQh/QehubYcghzv20tnh+MQnQIuJddTmsbqYj+dztchykemz0zFzlvdQw==",
      "dev": true
    }
  }
}
